
Microsoft Visual Studio Solution File, Format Version 12.00
# Visual Studio Version 17
VisualStudioVersion = 17.4.33213.308
MinimumVisualStudioVersion = 10.0.40219.1
Project("{9A19103F-16F7-4668-BE54-9A1E7A4F7556}") = "Psicología.Server", "Psicología\Server\Psicología.Server.csproj", "{68567885-9B92-4059-9853-52B96BA689C7}"
EndProject
Project("{9A19103F-16F7-4668-BE54-9A1E7A4F7556}") = "Psicología.Client", "Psicología\Client\Psicología.Client.csproj", "{0E216558-1362-4051-873C-03421DFC32C7}"
EndProject
Project("{9A19103F-16F7-4668-BE54-9A1E7A4F7556}") = "Psicología.Shared", "Psicología\Shared\Psicología.Shared.csproj", "{B4C67FDF-254A-47E7-8BC5-97779A912956}"
EndProject
Global
	GlobalSection(SolutionConfigurationPlatforms) = preSolution
		Debug|Any CPU = Debug|Any CPU
		Release|Any CPU = Release|Any CPU
	EndGlobalSection
	GlobalSection(ProjectConfigurationPlatforms) = postSolution
		{68567885-9B92-4059-9853-52B96BA689C7}.Debug|Any CPU.ActiveCfg = Debug|Any CPU
		{68567885-9B92-4059-9853-52B96BA689C7}.Debug|Any CPU.Build.0 = Debug|Any CPU
		{68567885-9B92-4059-9853-52B96BA689C7}.Release|Any CPU.ActiveCfg = Release|Any CPU
		{68567885-9B92-4059-9853-52B96BA689C7}.Release|Any CPU.Build.0 = Release|Any CPU
		{0E216558-1362-4051-873C-03421DFC32C7}.Debug|Any CPU.ActiveCfg = Debug|Any CPU
		{0E216558-1362-4051-873C-03421DFC32C7}.Debug|Any CPU.Build.0 = Debug|Any CPU
		{0E216558-1362-4051-873C-03421DFC32C7}.Release|Any CPU.ActiveCfg = Release|Any CPU
		{0E216558-1362-4051-873C-03421DFC32C7}.Release|Any CPU.Build.0 = Release|Any CPU
		{B4C67FDF-254A-47E7-8BC5-97779A912956}.Debug|Any CPU.ActiveCfg = Debug|Any CPU
		{B4C67FDF-254A-47E7-8BC5-97779A912956}.Debug|Any CPU.Build.0 = Debug|Any CPU
		{B4C67FDF-254A-47E7-8BC5-97779A912956}.Release|Any CPU.ActiveCfg = Release|Any CPU
		{B4C67FDF-254A-47E7-8BC5-97779A912956}.Release|Any CPU.Build.0 = Release|Any CPU
	EndGlobalSection
	GlobalSection(SolutionProperties) = preSolution
		HideSolutionNode = FALSE
	EndGlobalSection
	GlobalSection(ExtensibilityGlobals) = postSolution
		SolutionGuid = {E292525E-9372-4F2B-B316-9CB332418C23}
	EndGlobalSection
EndGlobal
